
Microsoft Visual Studio Solution File, Format Version 12.00
# Visual Studio Version 17
VisualStudioVersion = 17.14.36623.8
MinimumVisualStudioVersion = 10.0.40219.1
Project("{2150E333-8FDC-42A3-9474-1A3956D46DE8}") = "src", "src", "{02EA681E-C7D8-13C7-8484-4AC65E1B71E8}"
EndProject
Project("{2150E333-8FDC-42A3-9474-1A3956D46DE8}") = "Tests", "Tests", "{C0F19557-345D-4A16-A300-06DC26893DA5}"
EndProject
Project("{FAE04EC0-301F-11D3-BF4B-00C04F79EFBC}") = "ThesisWebApp.Domain", "ThesisWebApp.Domain\ThesisWebApp.Domain.csproj", "{3FF432BD-D2B9-43B4-B496-AEE2D1B17C9C}"
EndProject
Project("{FAE04EC0-301F-11D3-BF4B-00C04F79EFBC}") = "ThesisWebApp.Application", "ThesisWebApp.Application\ThesisWebApp.Application.csproj", "{4BBD2968-1EE4-42DC-8687-261B21B74153}"
EndProject
Project("{FAE04EC0-301F-11D3-BF4B-00C04F79EFBC}") = "ThesisWebApp.Infrastructure", "ThesisWebApp.Infrastructure\ThesisWebApp.Infrastructure.csproj", "{7CAA7750-433F-4CA7-92CB-1148EFF1618F}"
EndProject
Project("{FAE04EC0-301F-11D3-BF4B-00C04F79EFBC}") = "ThesisWebApp.WebUi", "ThesisWebApp.WebUi\ThesisWebApp.WebUi.csproj", "{34920F5F-A2B1-4CE8-84F3-F75D0FDFECDF}"
EndProject
Global
	GlobalSection(SolutionConfigurationPlatforms) = preSolution
		Debug|Any CPU = Debug|Any CPU
		Release|Any CPU = Release|Any CPU
	EndGlobalSection
	GlobalSection(ProjectConfigurationPlatforms) = postSolution
		{3FF432BD-D2B9-43B4-B496-AEE2D1B17C9C}.Debug|Any CPU.ActiveCfg = Debug|Any CPU
		{3FF432BD-D2B9-43B4-B496-AEE2D1B17C9C}.Debug|Any CPU.Build.0 = Debug|Any CPU
		{3FF432BD-D2B9-43B4-B496-AEE2D1B17C9C}.Release|Any CPU.ActiveCfg = Release|Any CPU
		{3FF432BD-D2B9-43B4-B496-AEE2D1B17C9C}.Release|Any CPU.Build.0 = Release|Any CPU
		{4BBD2968-1EE4-42DC-8687-261B21B74153}.Debug|Any CPU.ActiveCfg = Debug|Any CPU
		{4BBD2968-1EE4-42DC-8687-261B21B74153}.Debug|Any CPU.Build.0 = Debug|Any CPU
		{4BBD2968-1EE4-42DC-8687-261B21B74153}.Release|Any CPU.ActiveCfg = Release|Any CPU
		{4BBD2968-1EE4-42DC-8687-261B21B74153}.Release|Any CPU.Build.0 = Release|Any CPU
		{7CAA7750-433F-4CA7-92CB-1148EFF1618F}.Debug|Any CPU.ActiveCfg = Debug|Any CPU
		{7CAA7750-433F-4CA7-92CB-1148EFF1618F}.Debug|Any CPU.Build.0 = Debug|Any CPU
		{7CAA7750-433F-4CA7-92CB-1148EFF1618F}.Release|Any CPU.ActiveCfg = Release|Any CPU
		{7CAA7750-433F-4CA7-92CB-1148EFF1618F}.Release|Any CPU.Build.0 = Release|Any CPU
		{34920F5F-A2B1-4CE8-84F3-F75D0FDFECDF}.Debug|Any CPU.ActiveCfg = Debug|Any CPU
		{34920F5F-A2B1-4CE8-84F3-F75D0FDFECDF}.Debug|Any CPU.Build.0 = Debug|Any CPU
		{34920F5F-A2B1-4CE8-84F3-F75D0FDFECDF}.Release|Any CPU.ActiveCfg = Release|Any CPU
		{34920F5F-A2B1-4CE8-84F3-F75D0FDFECDF}.Release|Any CPU.Build.0 = Release|Any CPU
	EndGlobalSection
	GlobalSection(SolutionProperties) = preSolution
		HideSolutionNode = FALSE
	EndGlobalSection
	GlobalSection(NestedProjects) = preSolution
		{3FF432BD-D2B9-43B4-B496-AEE2D1B17C9C} = {02EA681E-C7D8-13C7-8484-4AC65E1B71E8}
		{4BBD2968-1EE4-42DC-8687-261B21B74153} = {02EA681E-C7D8-13C7-8484-4AC65E1B71E8}
		{7CAA7750-433F-4CA7-92CB-1148EFF1618F} = {02EA681E-C7D8-13C7-8484-4AC65E1B71E8}
		{34920F5F-A2B1-4CE8-84F3-F75D0FDFECDF} = {02EA681E-C7D8-13C7-8484-4AC65E1B71E8}
	EndGlobalSection
	GlobalSection(ExtensibilityGlobals) = postSolution
		SolutionGuid = {4D23E288-D21A-4664-9AD5-CC4ECC532DAD}
	EndGlobalSection
EndGlobal
